
Microsoft Visual Studio Solution File, Format Version 12.00
# Visual Studio Version 17
VisualStudioVersion = 17.7.34202.233
MinimumVisualStudioVersion = 10.0.40219.1
Project("{FAE04EC0-301F-11D3-BF4B-00C04F79EFBC}") = "Ilisan_Alex_Lab1", "Ilisan_Alex_Lab1.csproj", "{3338711E-D6CF-4013-ACFC-2EE6EBB3DA4C}"
EndProject
Global
	GlobalSection(SolutionConfigurationPlatforms) = preSolution
		Debug|Any CPU = Debug|Any CPU
		Release|Any CPU = Release|Any CPU
	EndGlobalSection
	GlobalSection(ProjectConfigurationPlatforms) = postSolution
		{3338711E-D6CF-4013-ACFC-2EE6EBB3DA4C}.Debug|Any CPU.ActiveCfg = Debug|Any CPU
		{3338711E-D6CF-4013-ACFC-2EE6EBB3DA4C}.Debug|Any CPU.Build.0 = Debug|Any CPU
		{3338711E-D6CF-4013-ACFC-2EE6EBB3DA4C}.Release|Any CPU.ActiveCfg = Release|Any CPU
		{3338711E-D6CF-4013-ACFC-2EE6EBB3DA4C}.Release|Any CPU.Build.0 = Release|Any CPU
	EndGlobalSection
	GlobalSection(SolutionProperties) = preSolution
		HideSolutionNode = FALSE
	EndGlobalSection
	GlobalSection(ExtensibilityGlobals) = postSolution
		SolutionGuid = {695C06E7-121F-45BB-BC98-D33649CF1A53}
	EndGlobalSection
EndGlobal
